
Microsoft Visual Studio Solution File, Format Version 12.00
# Visual Studio 15
VisualStudioVersion = 15.0.28307.329
MinimumVisualStudioVersion = 10.0.40219.1
Project("{FAE04EC0-301F-11D3-BF4B-00C04F79EFBC}") = "DailyNeeds", "DailyNeeds.csproj", "{DC227365-3AC1-4996-9BB4-BFD96FB44B4D}"
EndProject
Global
	GlobalSection(SolutionConfigurationPlatforms) = preSolution
		Debug|Any CPU = Debug|Any CPU
		Debug|x64 = Debug|x64
		Debug|x86 = Debug|x86
		Release|Any CPU = Release|Any CPU
		Release|x64 = Release|x64
		Release|x86 = Release|x86
	EndGlobalSection
	GlobalSection(ProjectConfigurationPlatforms) = postSolution
		{DC227365-3AC1-4996-9BB4-BFD96FB44B4D}.Debug|Any CPU.ActiveCfg = Debug|x64
		{DC227365-3AC1-4996-9BB4-BFD96FB44B4D}.Debug|Any CPU.Build.0 = Debug|x64
		{DC227365-3AC1-4996-9BB4-BFD96FB44B4D}.Debug|x64.ActiveCfg = Debug|x64
		{DC227365-3AC1-4996-9BB4-BFD96FB44B4D}.Debug|x64.Build.0 = Debug|x64
		{DC227365-3AC1-4996-9BB4-BFD96FB44B4D}.Debug|x86.ActiveCfg = Release|Any CPU
		{DC227365-3AC1-4996-9BB4-BFD96FB44B4D}.Release|Any CPU.ActiveCfg = Release|Any CPU
		{DC227365-3AC1-4996-9BB4-BFD96FB44B4D}.Release|Any CPU.Build.0 = Release|Any CPU
		{DC227365-3AC1-4996-9BB4-BFD96FB44B4D}.Release|x64.ActiveCfg = Release|x64
		{DC227365-3AC1-4996-9BB4-BFD96FB44B4D}.Release|x64.Build.0 = Release|x64
		{DC227365-3AC1-4996-9BB4-BFD96FB44B4D}.Release|x86.ActiveCfg = Release|x64
	EndGlobalSection
	GlobalSection(SolutionProperties) = preSolution
		HideSolutionNode = FALSE
	EndGlobalSection
	GlobalSection(ExtensibilityGlobals) = postSolution
		SolutionGuid = {466B5A83-EA7D-4127-89C7-B142E2613067}
	EndGlobalSection
EndGlobal
